
Microsoft Visual Studio Solution File, Format Version 12.00
# Visual Studio 15
VisualStudioVersion = 15.0.28307.489
MinimumVisualStudioVersion = 10.0.40219.1
Project("{FAE04EC0-301F-11D3-BF4B-00C04F79EFBC}") = "Web", "Web\Web.csproj", "{F5544A23-ED5D-4A24-8182-02F7273CB9ED}"
EndProject
Global
	GlobalSection(SolutionConfigurationPlatforms) = preSolution
		Debug|Any CPU = Debug|Any CPU
		Release|Any CPU = Release|Any CPU
	EndGlobalSection
	GlobalSection(ProjectConfigurationPlatforms) = postSolution
		{F5544A23-ED5D-4A24-8182-02F7273CB9ED}.Debug|Any CPU.ActiveCfg = Debug|Any CPU
		{F5544A23-ED5D-4A24-8182-02F7273CB9ED}.Debug|Any CPU.Build.0 = Debug|Any CPU
		{F5544A23-ED5D-4A24-8182-02F7273CB9ED}.Release|Any CPU.ActiveCfg = Release|Any CPU
		{F5544A23-ED5D-4A24-8182-02F7273CB9ED}.Release|Any CPU.Build.0 = Release|Any CPU
	EndGlobalSection
	GlobalSection(SolutionProperties) = preSolution
		HideSolutionNode = FALSE
	EndGlobalSection
	GlobalSection(ExtensibilityGlobals) = postSolution
		SolutionGuid = {F73B2134-83A5-48F7-87F2-C8EDF7C58C39}
	EndGlobalSection
EndGlobal
