
Microsoft Visual Studio Solution File, Format Version 12.00
# Visual Studio 15
VisualStudioVersion = 15.0.28307.489
MinimumVisualStudioVersion = 10.0.40219.1
Project("{FAE04EC0-301F-11D3-BF4B-00C04F79EFBC}") = "ControleEstoqueAplication", "ControleEstoqueAplication\ControleEstoqueAplication.csproj", "{02CC5BC0-CD9D-475A-A66A-E078EF9713C3}"
EndProject
Global
	GlobalSection(SolutionConfigurationPlatforms) = preSolution
		Debug|Any CPU = Debug|Any CPU
		Release|Any CPU = Release|Any CPU
	EndGlobalSection
	GlobalSection(ProjectConfigurationPlatforms) = postSolution
		{02CC5BC0-CD9D-475A-A66A-E078EF9713C3}.Debug|Any CPU.ActiveCfg = Debug|Any CPU
		{02CC5BC0-CD9D-475A-A66A-E078EF9713C3}.Debug|Any CPU.Build.0 = Debug|Any CPU
		{02CC5BC0-CD9D-475A-A66A-E078EF9713C3}.Release|Any CPU.ActiveCfg = Release|Any CPU
		{02CC5BC0-CD9D-475A-A66A-E078EF9713C3}.Release|Any CPU.Build.0 = Release|Any CPU
	EndGlobalSection
	GlobalSection(SolutionProperties) = preSolution
		HideSolutionNode = FALSE
	EndGlobalSection
	GlobalSection(ExtensibilityGlobals) = postSolution
		SolutionGuid = {FB7F920B-2C12-4A3B-A56B-34DCF9F92315}
	EndGlobalSection
EndGlobal
